// !$*UTF8*$!
{
	archiveVersion = 1;
	classes = {
	};
	objectVersion = 46;
	objects = {

/* Begin PBXBuildFile section */
		401D1F261F2B6AC400861938 /* AppDelegate.swift in Sources */ = {isa = PBXBuildFile; fileRef = 401D1F251F2B6AC400861938 /* AppDelegate.swift */; };
		401D1F281F2B6AC400861938 /* ViewController.swift in Sources */ = {isa = PBXBuildFile; fileRef = 401D1F271F2B6AC400861938 /* ViewController.swift */; };
		401D1F2B1F2B6AC400861938 /* Main.storyboard in Resources */ = {isa = PBXBuildFile; fileRef = 401D1F291F2B6AC400861938 /* Main.storyboard */; };
		401D1F2D1F2B6AC400861938 /* Assets.xcassets in Resources */ = {isa = PBXBuildFile; fileRef = 401D1F2C1F2B6AC400861938 /* Assets.xcassets */; };
		401D1F301F2B6AC400861938 /* LaunchScreen.storyboard in Resources */ = {isa = PBXBuildFile; fileRef = 401D1F2E1F2B6AC400861938 /* LaunchScreen.storyboard */; };
/* End PBXBuildFile section */

/* Begin PBXFileReference section */
		401D1F221F2B6AC400861938 /* DaApplication.app */ = {isa = PBXFileReference; explicitFileType = wrapper.application; includeInIndex = 0; path = DaApplication.app; sourceTree = BUILT_PRODUCTS_DIR; };
		401D1F251F2B6AC400861938 /* AppDelegate.swift */ = {isa = PBXFileReference; lastKnownFileType = sourcecode.swift; path = AppDelegate.swift; sourceTree = "<group>"; };
		401D1F271F2B6AC400861938 /* ViewController.swift */ = {isa = PBXFileReference; lastKnownFileType = sourcecode.swift; path = ViewController.swift; sourceTree = "<group>"; };
		401D1F2A1F2B6AC400861938 /* Base */ = {isa = PBXFileReference; lastKnownFileType = file.storyboard; name = Base; path = Base.lproj/Main.storyboard; sourceTree = "<group>"; };
		401D1F2C1F2B6AC400861938 /* Assets.xcassets */ = {isa = PBXFileReference; lastKnownFileType = folder.assetcatalog; path = Assets.xcassets; sourceTree = "<group>"; };
		401D1F2F1F2B6AC400861938 /* Base */ = {isa = PBXFileReference; lastKnownFileType = file.storyboard; name = Base; path = Base.lproj/LaunchScreen.storyboard; sourceTree = "<group>"; };
		401D1F311F2B6AC400861938 /* Info.plist */ = {isa = PBXFileReference; lastKnownFileType = text.plist.xml; path = Info.plist; sourceTree = "<group>"; };
/* End PBXFileReference section */

/* Begin PBXFrameworksBuildPhase section */
		401D1F1F1F2B6AC400861938 /* Frameworks */ = {
			isa = PBXFrameworksBuildPhase;
			buildActionMask = 2147483647;
			files = (
			);
			runOnlyForDeploymentPostprocessing = 0;
		};
/* End PBXFrameworksBuildPhase section */

/* Begin PBXGroup section */
		401D1F191F2B6AC400861938 = {
			isa = PBXGroup;
			children = (
				401D1F241F2B6AC400861938 /* DaApplication */,
				401D1F231F2B6AC400861938 /* Products */,
			);
			sourceTree = "<group>";
		};
		401D1F231F2B6AC400861938 /* Products */ = {
			isa = PBXGroup;
			children = (
				401D1F221F2B6AC400861938 /* DaApplication.app */,
			);
			name = Products;
			sourceTree = "<group>";
		};
		401D1F241F2B6AC400861938 /* DaApplication */ = {
			isa = PBXGroup;
			children = (
				401D1F251F2B6AC400861938 /* AppDelegate.swift */,
				401D1F271F2B6AC400861938 /* ViewController.swift */,
				401D1F291F2B6AC400861938 /* Main.storyboard */,
				401D1F2C1F2B6AC400861938 /* Assets.xcassets */,
				401D1F2E1F2B6AC400861938 /* LaunchScreen.storyboard */,
				401D1F311F2B6AC400861938 /* Info.plist */,
			);
			path = DaApplication;
			sourceTree = "<group>";
		};
/* End PBXGroup section */

/* Begin PBXNativeTarget section */
		401D1F211F2B6AC400861938 /* DaApplication */ = {
			isa = PBXNativeTarget;
			buildConfigurationList = 401D1F341F2B6AC400861938 /* Build configuration list for PBXNativeTarget "DaApplication" */;
			buildPhases = (
				401D1F1E1F2B6AC400861938 /* Sources */,
				401D1F1F1F2B6AC400861938 /* Frameworks */,
				401D1F201F2B6AC400861938 /* Resources */,
			);
			buildRules = (
			);
			dependencies = (
			);
			name = DaApplication;
			productName = DaApplication;
			productReference = 401D1F221F2B6AC400861938 /* DaApplication.app */;
			productType = "com.apple.product-type.application";
		};
/* End PBXNativeTarget section */

/* Begin PBXProject section */
		401D1F1A1F2B6AC400861938 /* Project object */ = {
			isa = PBXProject;
			attributes = {
				LastSwiftUpdateCheck = 0830;
				LastUpgradeCheck = 0830;
				ORGANIZATIONNAME = "Smaine Milianni";
				TargetAttributes = {
					401D1F211F2B6AC400861938 = {
						CreatedOnToolsVersion = 8.3.3;
						ProvisioningStyle = Automatic;
					};
				};
			};
			buildConfigurationList = 401D1F1D1F2B6AC400861938 /* Build configuration list for PBXProject "DaApplication" */;
			compatibilityVersion = "Xcode 3.2";
			developmentRegion = English;
			hasScannedForEncodings = 0;
			knownRegions = (
				en,
				Base,
			);
			mainGroup = 401D1F191F2B6AC400861938;
			productRefGroup = 401D1F231F2B6AC400861938 /* Products */;
			projectDirPath = "";
			projectRoot = "";
			targets = (
				401D1F211F2B6AC400861938 /* DaApplication */,
			);
		};
/* End PBXProject section */

/* Begin PBXResourcesBuildPhase section */
		401D1F201F2B6AC400861938 /* Resources */ = {
			isa = PBXResourcesBuildPhase;
			buildActionMask = 2147483647;
			files = (
				401D1F301F2B6AC400861938 /* LaunchScreen.storyboard in Resources */,
				401D1F2D1F2B6AC400861938 /* Assets.xcassets in Resources */,
				401D1F2B1F2B6AC400861938 /* Main.storyboard in Resources */,
			);
			runOnlyForDeploymentPostprocessing = 0;
		};
/* End PBXResourcesBuildPhase section */

/* Begin PBXSourcesBuildPhase section */
		401D1F1E1F2B6AC400861938 /* Sources */ = {
			isa = PBXSourcesBuildPhase;
			buildActionMask = 2147483647;
			files = (
				401D1F281F2B6AC400861938 /* ViewController.swift in Sources */,
				401D1F261F2B6AC400861938 /* AppDelegate.swift in Sources */,
			);
			runOnlyForDeploymentPostprocessing = 0;
		};
/* End PBXSourcesBuildPhase section */

/* Begin PBXVariantGroup section */
		401D1F291F2B6AC400861938 /* Main.storyboard */ = {
			isa = PBXVariantGroup;
			children = (
				401D1F2A1F2B6AC400861938 /* Base */,
			);
			name = Main.storyboard;
			sourceTree = "<group>";
		};
		401D1F2E1F2B6AC400861938 /* LaunchScreen.storyboard */ = {
			isa = PBXVariantGroup;
			children = (
				401D1F2F1F2B6AC400861938 /* Base */,
			);
			name = LaunchScreen.storyboard;
			sourceTree = "<group>";
		};
/* End PBXVariantGroup section */

/* Begin XCBuildConfiguration section */
		401D1F321F2B6AC400861938 /* Debug */ = {
			isa = XCBuildConfiguration;
			buildSettings = {
				ALWAYS_SEARCH_USER_PATHS = NO;
				CLANG_ANALYZER_NONNULL = YES;
				CLANG_ANALYZER_NUMBER_OBJECT_CONVERSION = YES_AGGRESSIVE;
				CLANG_CXX_LANGUAGE_STANDARD = "gnu++0x";
				CLANG_CXX_LIBRARY = "libc++";
				CLANG_ENABLE_MODULES = YES;
				CLANG_ENABLE_OBJC_ARC = YES;
				CLANG_WARN_BOOL_CONVERSION = YES;
				CLANG_WARN_CONSTANT_CONVERSION = YES;
				CLANG_WARN_DIRECT_OBJC_ISA_USAGE = YES_ERROR;
				CLANG_WARN_DOCUMENTATION_COMMENTS = YES;
				CLANG_WARN_EMPTY_BODY = YES;
				CLANG_WARN_ENUM_CONVERSION = YES;
				CLANG_WARN_INFINITE_RECURSION = YES;
				CLANG_WARN_INT_CONVERSION = YES;
				CLANG_WARN_OBJC_ROOT_CLASS = YES_ERROR;
				CLANG_WARN_SUSPICIOUS_MOVE = YES;
				CLANG_WARN_UNREACHABLE_CODE = YES;
				CLANG_WARN__DUPLICATE_METHOD_MATCH = YES;
				"CODE_SIGN_IDENTITY[sdk=iphoneos*]" = "iPhone Developer";
				COPY_PHASE_STRIP = NO;
				DEBUG_INFORMATION_FORMAT = dwarf;
				ENABLE_STRICT_OBJC_MSGSEND = YES;
				ENABLE_TESTABILITY = YES;
				GCC_C_LANGUAGE_STANDARD = gnu99;
				GCC_DYNAMIC_NO_PIC = NO;
				GCC_NO_COMMON_BLOCKS = YES;
				GCC_OPTIMIZATION_LEVEL = 0;
				GCC_PREPROCESSOR_DEFINITIONS = (
					"DEBUG=1",
					"$(inherited)",
				);
				GCC_WARN_64_TO_32_BIT_CONVERSION = YES;
				GCC_WARN_ABOUT_RETURN_TYPE = YES_ERROR;
				GCC_WARN_UNDECLARED_SELECTOR = YES;
				GCC_WARN_UNINITIALIZED_AUTOS = YES_AGGRESSIVE;
				GCC_WARN_UNUSED_FUNCTION = YES;
				GCC_WARN_UNUSED_VARIABLE = YES;
				IPHONEOS_DEPLOYMENT_TARGET = 10.3;
				MTL_ENABLE_DEBUG_INFO = YES;
				ONLY_ACTIVE_ARCH = YES;
				SDKROOT = iphoneos;
				SWIFT_ACTIVE_COMPILATION_CONDITIONS = DEBUG;
				SWIFT_OPTIMIZATION_LEVEL = "-Onone";
				TARGETED_DEVICE_FAMILY = "1,2";
			};
			name = Debug;
		};
		401D1F331F2B6AC400861938 /* Release */ = {
			isa = XCBuildConfiguration;
			buildSettings = {
				ALWAYS_SEARCH_USER_PATHS = NO;
				CLANG_ANALYZER_NONNULL = YES;
				CLANG_ANALYZER_NUMBER_OBJECT_CONVERSION = YES_AGGRESSIVE;
				CLANG_CXX_LANGUAGE_STANDARD = "gnu++0x";
				CLANG_CXX_LIBRARY = "libc++";
				CLANG_ENABLE_MODULES = YES;
				CLANG_ENABLE_OBJC_ARC = YES;
				CLANG_WARN_BOOL_CONVERSION = YES;
				CLANG_WARN_CONSTANT_CONVERSION = YES;
				CLANG_WARN_DIRECT_OBJC_ISA_USAGE = YES_ERROR;
				CLANG_WARN_DOCUMENTATION_COMMENTS = YES;
				CLANG_WARN_EMPTY_BODY = YES;
				CLANG_WARN_ENUM_CONVERSION = YES;
				CLANG_WARN_INFINITE_RECURSION = YES;
				CLANG_WARN_INT_CONVERSION = YES;
				CLANG_WARN_OBJC_ROOT_CLASS = YES_ERROR;
				CLANG_WARN_SUSPICIOUS_MOVE = YES;
				CLANG_WARN_UNREACHABLE_CODE = YES;
				CLANG_WARN__DUPLICATE_METHOD_MATCH = YES;
				"CODE_SIGN_IDENTITY[sdk=iphoneos*]" = "iPhone Developer";
				COPY_PHASE_STRIP = NO;
				DEBUG_INFORMATION_FORMAT = "dwarf-with-dsym";
				ENABLE_NS_ASSERTIONS = NO;
				ENABLE_STRICT_OBJC_MSGSEND = YES;
				GCC_C_LANGUAGE_STANDARD = gnu99;
				GCC_NO_COMMON_BLOCKS = YES;
				GCC_WARN_64_TO_32_BIT_CONVERSION = YES;
				GCC_WARN_ABOUT_RETURN_TYPE = YES_ERROR;
				GCC_WARN_UNDECLARED_SELECTOR = YES;
				GCC_WARN_UNINITIALIZED_AUTOS = YES_AGGRESSIVE;
				GCC_WARN_UNUSED_FUNCTION = YES;
				GCC_WARN_UNUSED_VARIABLE = YES;
				IPHONEOS_DEPLOYMENT_TARGET = 10.3;
				MTL_ENABLE_DEBUG_INFO = NO;
				SDKROOT = iphoneos;
				SWIFT_OPTIMIZATION_LEVEL = "-Owholemodule";
				TARGETED_DEVICE_FAMILY = "1,2";
				VALIDATE_PRODUCT = YES;
			};
			name = Release;
		};
		401D1F351F2B6AC400861938 /* Debug */ = {
			isa = XCBuildConfiguration;
			buildSettings = {
				ASSETCATALOG_COMPILER_APPICON_NAME = AppIcon;
				INFOPLIST_FILE = DaApplication/Info.plist;
				LD_RUNPATH_SEARCH_PATHS = "$(inherited) @executable_path/Frameworks";
				PRODUCT_BUNDLE_IDENTIFIER = eniamsDev.DaApplication;
				PRODUCT_NAME = "$(TARGET_NAME)";
				SWIFT_VERSION = 3.0;
			};
			name = Debug;
		};
		401D1F361F2B6AC400861938 /* Release */ = {
			isa = XCBuildConfiguration;
			buildSettings = {
				ASSETCATALOG_COMPILER_APPICON_NAME = AppIcon;
				INFOPLIST_FILE = DaApplication/Info.plist;
				LD_RUNPATH_SEARCH_PATHS = "$(inherited) @executable_path/Frameworks";
				PRODUCT_BUNDLE_IDENTIFIER = eniamsDev.DaApplication;
				PRODUCT_NAME = "$(TARGET_NAME)";
				SWIFT_VERSION = 3.0;
			};
			name = Release;
		};
/* End XCBuildConfiguration section */

/* Begin XCConfigurationList section */
		401D1F1D1F2B6AC400861938 /* Build configuration list for PBXProject "DaApplication" */ = {
			isa = XCConfigurationList;
			buildConfigurations = (
				401D1F321F2B6AC400861938 /* Debug */,
				401D1F331F2B6AC400861938 /* Release */,
			);
			defaultConfigurationIsVisible = 0;
			defaultConfigurationName = Release;
		};
		401D1F341F2B6AC400861938 /* Build configuration list for PBXNativeTarget "DaApplication" */ = {
			isa = XCConfigurationList;
			buildConfigurations = (
				401D1F351F2B6AC400861938 /* Debug */,
				401D1F361F2B6AC400861938 /* Release */,
			);
			defaultConfigurationIsVisible = 0;
		};
/* End XCConfigurationList section */
	};
	rootObject = 401D1F1A1F2B6AC400861938 /* Project object */;
}
